<?xml version="1.0" encoding="utf-8"?>
<Project ToolsVersion="4.0" xmlns="http://schemas.microsoft.com/developer/msbuild/2003">
  <ItemGroup>
    <Filter Include="소스 파일">
      <UniqueIdentifier>{4FC737F1-C7A5-4376-A066-2A32D752A2FF}</UniqueIdentifier>
      <Extensions>cpp;c;cc;cxx;def;odl;idl;hpj;bat;asm;asmx</Extensions>
    </Filter>
    <Filter Include="헤더 파일">
      <UniqueIdentifier>{93995380-89BD-4b04-88EB-625FBE52EBFB}</UniqueIdentifier>
      <Extensions>h;hh;hpp;hxx;hm;inl;inc;ipp;xsd</Extensions>
    </Filter>
    <Filter Include="리소스 파일">
      <UniqueIdentifier>{67DA6AB6-F800-4c08-8B7A-83BB121AAD01}</UniqueIdentifier>
      <Extensions>rc;ico;cur;bmp;dlg;rc2;rct;bin;rgs;gif;jpg;jpeg;jpe;resx;tiff;tif;png;wav;mfcribbon-ms</Extensions>
    </Filter>
  </ItemGroup>
  <ItemGroup>
    <ClCompile Include="Graph.cpp">
      <Filter>소스 파일</Filter>
    </ClCompile>
    <ClCompile Include="GUI.cpp">
      <Filter>소스 파일</Filter>
    </ClCompile>
    <ClCompile Include="Window.cpp">
      <Filter>소스 파일</Filter>
    </ClCompile>
    <ClCompile Include="main_shapes.cpp">
      <Filter>소스 파일</Filter>
    </ClCompile>
    <ClCompile Include="Information.cpp">
      <Filter>소스 파일</Filter>
    </ClCompile>
    <ClCompile Include="Calo_UI.cpp">
      <Filter>소스 파일</Filter>
    </ClCompile>
    <ClCompile Include="소스.cpp">
      <Filter>헤더 파일</Filter>
    </ClCompile>
    <ClCompile Include="food_information.cpp">
      <Filter>소스 파일</Filter>
    </ClCompile>
    <ClCompile Include="DatePerNutrition.cpp">
      <Filter>소스 파일</Filter>
    </ClCompile>
    <ClCompile Include="drawing_graph.cpp">
      <Filter>소스 파일</Filter>
    </ClCompile>
    <ClCompile Include="compare_data.cpp">
      <Filter>소스 파일</Filter>
    </ClCompile>
  </ItemGroup>
  <ItemGroup>
    <ClInclude Include="fltk.h">
      <Filter>헤더 파일</Filter>
    </ClInclude>
    <ClInclude Include="Graph.h">
      <Filter>헤더 파일</Filter>
    </ClInclude>
    <ClInclude Include="GUI.h">
      <Filter>헤더 파일</Filter>
    </ClInclude>
    <ClInclude Include="Point.h">
      <Filter>헤더 파일</Filter>
    </ClInclude>
    <ClInclude Include="Simple_window.h">
      <Filter>헤더 파일</Filter>
    </ClInclude>
    <ClInclude Include="std_lib_facilities.h">
      <Filter>헤더 파일</Filter>
    </ClInclude>
    <ClInclude Include="Window.h">
      <Filter>헤더 파일</Filter>
    </ClInclude>
    <ClInclude Include="Matrix.h">
      <Filter>소스 파일</Filter>
    </ClInclude>
    <ClInclude Include="Matrix11.h">
      <Filter>소스 파일</Filter>
    </ClInclude>
    <ClInclude Include="MatrixIO.h">
      <Filter>소스 파일</Filter>
    </ClInclude>
    <ClInclude Include="MatrixIO11.h">
      <Filter>소스 파일</Filter>
    </ClInclude>
    <ClInclude Include="Information.h">
      <Filter>헤더 파일</Filter>
    </ClInclude>
    <ClInclude Include="Calo_UI.h">
      <Filter>헤더 파일</Filter>
    </ClInclude>
    <ClInclude Include="food_information.h">
      <Filter>헤더 파일</Filter>
    </ClInclude>
    <ClInclude Include="DatePerNutrition.h">
      <Filter>헤더 파일</Filter>
    </ClInclude>
    <ClInclude Include="drawing_graph.h">
      <Filter>헤더 파일</Filter>
    </ClInclude>
    <ClInclude Include="compare_data.h">
      <Filter>헤더 파일</Filter>
    </ClInclude>
  </ItemGroup>
  <ItemGroup>
    <Text Include="information.txt">
      <Filter>리소스 파일</Filter>
    </Text>
    <Text Include="food_info.txt" />
    <Text Include="man.txt" />
    <Text Include="foodlist.txt">
      <Filter>소스 파일</Filter>
    </Text>
  </ItemGroup>
</Project>